Microsoft Visual Studio Solution File, Format Version 11.00
# Visual Studio 2008

Project("{D7DCDAE6-6F13-2EAE-6772-96D4336534AA}") = "Virtusphere Test", "Assembly-CSharp.csproj", "{C2805456-E434-6544-6849-2D052B90C2CA}"
EndProject
Global
	GlobalSection(SolutionConfigurationPlatforms) = preSolution
		Debug|Any CPU = Debug|Any CPU
		Release|Any CPU = Release|Any CPU
	EndGlobalSection
	GlobalSection(ProjectConfigurationPlatforms) = postSolution
		{C2805456-E434-6544-6849-2D052B90C2CA}.Debug|Any CPU.ActiveCfg = Debug|Any CPU
		{C2805456-E434-6544-6849-2D052B90C2CA}.Debug|Any CPU.Build.0 = Debug|Any CPU
		{C2805456-E434-6544-6849-2D052B90C2CA}.Release|Any CPU.ActiveCfg = Release|Any CPU
		{C2805456-E434-6544-6849-2D052B90C2CA}.Release|Any CPU.Build.0 = Release|Any CPU
	EndGlobalSection
	GlobalSection(SolutionProperties) = preSolution
		HideSolutionNode = FALSE
	EndGlobalSection
	GlobalSection(MonoDevelopProperties) = preSolution
		StartupItem = Assembly-CSharp.csproj
	EndGlobalSection
EndGlobal
